
Microsoft Visual Studio Solution File, Format Version 12.00
# Visual Studio 15
VisualStudioVersion = 15.0.28010.2046
MinimumVisualStudioVersion = 10.0.40219.1
Project("{8BC9CEB8-8B4A-11D0-8D11-00A0C91BC942}") = "ice-game", "ice-game\ice-game.vcxproj", "{29A785FE-EFB2-498D-87E3-D37E701C07E6}"
EndProject
Global
	GlobalSection(SolutionConfigurationPlatforms) = preSolution
		Debug|x64 = Debug|x64
		Debug|x86 = Debug|x86
		Release|x64 = Release|x64
		Release|x86 = Release|x86
	EndGlobalSection
	GlobalSection(ProjectConfigurationPlatforms) = postSolution
		{29A785FE-EFB2-498D-87E3-D37E701C07E6}.Debug|x64.ActiveCfg = Debug|x64
		{29A785FE-EFB2-498D-87E3-D37E701C07E6}.Debug|x64.Build.0 = Debug|x64
		{29A785FE-EFB2-498D-87E3-D37E701C07E6}.Debug|x86.ActiveCfg = Debug|Win32
		{29A785FE-EFB2-498D-87E3-D37E701C07E6}.Debug|x86.Build.0 = Debug|Win32
		{29A785FE-EFB2-498D-87E3-D37E701C07E6}.Release|x64.ActiveCfg = Release|x64
		{29A785FE-EFB2-498D-87E3-D37E701C07E6}.Release|x64.Build.0 = Release|x64
		{29A785FE-EFB2-498D-87E3-D37E701C07E6}.Release|x86.ActiveCfg = Release|Win32
		{29A785FE-EFB2-498D-87E3-D37E701C07E6}.Release|x86.Build.0 = Release|Win32
	EndGlobalSection
	GlobalSection(SolutionProperties) = preSolution
		HideSolutionNode = FALSE
	EndGlobalSection
	GlobalSection(ExtensibilityGlobals) = postSolution
		SolutionGuid = {202F871D-3366-4049-83F5-8BD7293D9192}
	EndGlobalSection
EndGlobal
